
Microsoft Visual Studio Solution File, Format Version 12.00
# Visual Studio Version 17
VisualStudioVersion = 17.4.33213.308
MinimumVisualStudioVersion = 10.0.40219.1
Project("{8BC9CEB8-8B4A-11D0-8D11-00A0C91BC942}") = "trilogy-client", "trilogy-client\trilogy-client.vcxproj", "{C5A12CA0-516E-4CB2-A1E4-64918363370A}"
EndProject
Project("{8BC9CEB8-8B4A-11D0-8D11-00A0C91BC942}") = "trilogy-server", "trilogy-server\trilogy-server.vcxproj", "{CB200F85-C61C-4D7E-AEBE-B856DA16F74C}"
EndProject
Project("{8BC9CEB8-8B4A-11D0-8D11-00A0C91BC942}") = "trilogy-shared", "trilogy-shared\trilogy-shared.vcxitems", "{29954653-8B50-42FE-B25D-0A9FC9A99F0F}"
EndProject
Project("{8BC9CEB8-8B4A-11D0-8D11-00A0C91BC942}") = "trilogy-ui-subprocess", "trilogy-ui-subprocess\trilogy-ui-subprocess.vcxproj", "{0C58DC43-86C1-4399-B073-B861BF3C3DB7}"
EndProject
Project("{2150E333-8FDC-42A3-9474-1A3956D46DE8}") = "deps", "deps", "{98ABF0B3-03AC-4778-9DB9-F40B6338D77A}"
EndProject
Project("{2150E333-8FDC-42A3-9474-1A3956D46DE8}") = "game", "game", "{9F4A266B-1C39-40D8-9E98-A1B22A8482EA}"
EndProject
Project("{2150E333-8FDC-42A3-9474-1A3956D46DE8}") = "utilities", "utilities", "{BA0020DB-97D7-49C7-BAD3-84DF355600CE}"
EndProject
Project("{8BC9CEB8-8B4A-11D0-8D11-00A0C91BC942}") = "cef", "cef\cef.vcxitems", "{25A7D832-CC3F-4ED0-BE36-B6C43947360A}"
EndProject
Global
	GlobalSection(SolutionConfigurationPlatforms) = preSolution
		Debug|x64 = Debug|x64
		Debug|x86 = Debug|x86
		Release|x64 = Release|x64
		Release|x86 = Release|x86
	EndGlobalSection
	GlobalSection(ProjectConfigurationPlatforms) = postSolution
		{C5A12CA0-516E-4CB2-A1E4-64918363370A}.Debug|x64.ActiveCfg = Debug|x64
		{C5A12CA0-516E-4CB2-A1E4-64918363370A}.Debug|x64.Build.0 = Debug|x64
		{C5A12CA0-516E-4CB2-A1E4-64918363370A}.Debug|x86.ActiveCfg = Debug|Win32
		{C5A12CA0-516E-4CB2-A1E4-64918363370A}.Debug|x86.Build.0 = Debug|Win32
		{C5A12CA0-516E-4CB2-A1E4-64918363370A}.Release|x64.ActiveCfg = Release|x64
		{C5A12CA0-516E-4CB2-A1E4-64918363370A}.Release|x64.Build.0 = Release|x64
		{C5A12CA0-516E-4CB2-A1E4-64918363370A}.Release|x86.ActiveCfg = Release|Win32
		{C5A12CA0-516E-4CB2-A1E4-64918363370A}.Release|x86.Build.0 = Release|Win32
		{CB200F85-C61C-4D7E-AEBE-B856DA16F74C}.Debug|x64.ActiveCfg = Debug|x64
		{CB200F85-C61C-4D7E-AEBE-B856DA16F74C}.Debug|x64.Build.0 = Debug|x64
		{CB200F85-C61C-4D7E-AEBE-B856DA16F74C}.Debug|x86.ActiveCfg = Debug|Win32
		{CB200F85-C61C-4D7E-AEBE-B856DA16F74C}.Debug|x86.Build.0 = Debug|Win32
		{CB200F85-C61C-4D7E-AEBE-B856DA16F74C}.Release|x64.ActiveCfg = Release|x64
		{CB200F85-C61C-4D7E-AEBE-B856DA16F74C}.Release|x64.Build.0 = Release|x64
		{CB200F85-C61C-4D7E-AEBE-B856DA16F74C}.Release|x86.ActiveCfg = Release|Win32
		{CB200F85-C61C-4D7E-AEBE-B856DA16F74C}.Release|x86.Build.0 = Release|Win32
		{0C58DC43-86C1-4399-B073-B861BF3C3DB7}.Debug|x64.ActiveCfg = Debug|x64
		{0C58DC43-86C1-4399-B073-B861BF3C3DB7}.Debug|x64.Build.0 = Debug|x64
		{0C58DC43-86C1-4399-B073-B861BF3C3DB7}.Debug|x86.ActiveCfg = Debug|Win32
		{0C58DC43-86C1-4399-B073-B861BF3C3DB7}.Debug|x86.Build.0 = Debug|Win32
		{0C58DC43-86C1-4399-B073-B861BF3C3DB7}.Release|x64.ActiveCfg = Release|x64
		{0C58DC43-86C1-4399-B073-B861BF3C3DB7}.Release|x64.Build.0 = Release|x64
		{0C58DC43-86C1-4399-B073-B861BF3C3DB7}.Release|x86.ActiveCfg = Release|Win32
		{0C58DC43-86C1-4399-B073-B861BF3C3DB7}.Release|x86.Build.0 = Release|Win32
	EndGlobalSection
	GlobalSection(SolutionProperties) = preSolution
		HideSolutionNode = FALSE
	EndGlobalSection
	GlobalSection(NestedProjects) = preSolution
		{C5A12CA0-516E-4CB2-A1E4-64918363370A} = {9F4A266B-1C39-40D8-9E98-A1B22A8482EA}
		{CB200F85-C61C-4D7E-AEBE-B856DA16F74C} = {9F4A266B-1C39-40D8-9E98-A1B22A8482EA}
		{29954653-8B50-42FE-B25D-0A9FC9A99F0F} = {9F4A266B-1C39-40D8-9E98-A1B22A8482EA}
		{0C58DC43-86C1-4399-B073-B861BF3C3DB7} = {BA0020DB-97D7-49C7-BAD3-84DF355600CE}
		{25A7D832-CC3F-4ED0-BE36-B6C43947360A} = {98ABF0B3-03AC-4778-9DB9-F40B6338D77A}
	EndGlobalSection
	GlobalSection(ExtensibilityGlobals) = postSolution
		SolutionGuid = {EC806EE3-4837-408E-8F6F-4E7AEAE3852F}
	EndGlobalSection
	GlobalSection(SharedMSBuildProjectFiles) = preSolution
		cef\cef.vcxitems*{0c58dc43-86c1-4399-b073-b861bf3c3db7}*SharedItemsImports = 4
		cef\cef.vcxitems*{25a7d832-cc3f-4ed0-be36-b6c43947360a}*SharedItemsImports = 9
		trilogy-shared\trilogy-shared.vcxitems*{29954653-8b50-42fe-b25d-0a9fc9a99f0f}*SharedItemsImports = 9
		cef\cef.vcxitems*{c5a12ca0-516e-4cb2-a1e4-64918363370a}*SharedItemsImports = 4
		trilogy-shared\trilogy-shared.vcxitems*{c5a12ca0-516e-4cb2-a1e4-64918363370a}*SharedItemsImports = 4
		trilogy-shared\trilogy-shared.vcxitems*{cb200f85-c61c-4d7e-aebe-b856da16f74c}*SharedItemsImports = 4
	EndGlobalSection
EndGlobal
