<?xml version="1.0" encoding="utf-8"?>
<Project ToolsVersion="4.0" xmlns="http://schemas.microsoft.com/developer/msbuild/2003">
  <ItemGroup>
    <Filter Include="Source Files">
      <UniqueIdentifier>{4FC737F1-C7A5-4376-A066-2A32D752A2FF}</UniqueIdentifier>
      <Extensions>cpp;c;cc;cxx;c++;cppm;ixx;def;odl;idl;hpj;bat;asm;asmx</Extensions>
    </Filter>
    <Filter Include="Header Files">
      <UniqueIdentifier>{93995380-89BD-4b04-88EB-625FBE52EBFB}</UniqueIdentifier>
      <Extensions>h;hh;hpp;hxx;h++;hm;inl;inc;ipp;xsd</Extensions>
    </Filter>
    <Filter Include="Resource Files">
      <UniqueIdentifier>{67DA6AB6-F800-4c08-8B7A-83BB121AAD01}</UniqueIdentifier>
      <Extensions>rc;ico;cur;bmp;dlg;rc2;rct;bin;rgs;gif;jpg;jpeg;jpe;resx;tiff;tif;png;wav;mfcribbon-ms</Extensions>
    </Filter>
    <Filter Include="Source Files\networking">
      <UniqueIdentifier>{b02f96fb-188a-4bbb-a381-656a436df70d}</UniqueIdentifier>
    </Filter>
    <Filter Include="Source Files\networking\entities">
      <UniqueIdentifier>{16c7f185-1ed7-4c9b-9b93-6d0a8535ff37}</UniqueIdentifier>
    </Filter>
    <Filter Include="Header Files\networking">
      <UniqueIdentifier>{9784a9a2-916b-4ec5-af50-59947fab0730}</UniqueIdentifier>
    </Filter>
    <Filter Include="Header Files\networking\entities">
      <UniqueIdentifier>{b3a38542-4a08-4523-b4ef-871d4372a000}</UniqueIdentifier>
    </Filter>
  </ItemGroup>
  <ItemGroup>
    <ClCompile Include="server.cpp">
      <Filter>Source Files</Filter>
    </ClCompile>
    <ClCompile Include="networking\entities\server_entity.cpp">
      <Filter>Source Files\networking\entities</Filter>
    </ClCompile>
  </ItemGroup>
  <ItemGroup>
    <ClInclude Include="networking\entities\server_entity.hpp">
      <Filter>Header Files\networking\entities</Filter>
    </ClInclude>
  </ItemGroup>
</Project>